
Microsoft Visual Studio Solution File, Format Version 12.00
# Visual Studio Version 16
VisualStudioVersion = 16.0.31702.278
MinimumVisualStudioVersion = 10.0.40219.1
Project("{888888A0-9F3D-457C-B088-3A5042F75D52}") = "Python Essentials Chapter Labs", "Python Essentials Chapter Two Lab 3\Python Essentials Chapter Labs.pyproj", "{E7E6D74B-3A4E-4FB3-9E0C-ABF4C05744C3}"
EndProject
Global
	GlobalSection(SolutionConfigurationPlatforms) = preSolution
		Debug|Any CPU = Debug|Any CPU
		Release|Any CPU = Release|Any CPU
	EndGlobalSection
	GlobalSection(ProjectConfigurationPlatforms) = postSolution
		{E7E6D74B-3A4E-4FB3-9E0C-ABF4C05744C3}.Debug|Any CPU.ActiveCfg = Debug|Any CPU
		{E7E6D74B-3A4E-4FB3-9E0C-ABF4C05744C3}.Release|Any CPU.ActiveCfg = Release|Any CPU
	EndGlobalSection
	GlobalSection(SolutionProperties) = preSolution
		HideSolutionNode = FALSE
	EndGlobalSection
	GlobalSection(ExtensibilityGlobals) = postSolution
		SolutionGuid = {5AED7B5C-0904-408C-9B00-82F281C874F7}
	EndGlobalSection
EndGlobal
